
Microsoft Visual Studio Solution File, Format Version 12.00
# Visual Studio Version 16
VisualStudioVersion = 16.0.32929.386
MinimumVisualStudioVersion = 10.0.40219.1
Project("{FAE04EC0-301F-11D3-BF4B-00C04F79EFBC}") = "Wpf11", "Wpf11\Wpf11.csproj", "{6FFB36A1-30E1-46E8-B91E-FAA911FF4D59}"
EndProject
Global
	GlobalSection(SolutionConfigurationPlatforms) = preSolution
		Debug|Any CPU = Debug|Any CPU
		Release|Any CPU = Release|Any CPU
	EndGlobalSection
	GlobalSection(ProjectConfigurationPlatforms) = postSolution
		{6FFB36A1-30E1-46E8-B91E-FAA911FF4D59}.Debug|Any CPU.ActiveCfg = Debug|Any CPU
		{6FFB36A1-30E1-46E8-B91E-FAA911FF4D59}.Debug|Any CPU.Build.0 = Debug|Any CPU
		{6FFB36A1-30E1-46E8-B91E-FAA911FF4D59}.Release|Any CPU.ActiveCfg = Release|Any CPU
		{6FFB36A1-30E1-46E8-B91E-FAA911FF4D59}.Release|Any CPU.Build.0 = Release|Any CPU
	EndGlobalSection
	GlobalSection(SolutionProperties) = preSolution
		HideSolutionNode = FALSE
	EndGlobalSection
	GlobalSection(ExtensibilityGlobals) = postSolution
		SolutionGuid = {FE1591F6-7E60-465C-9E69-BC1395FAFB2D}
	EndGlobalSection
EndGlobal
